
Microsoft Visual Studio Solution File, Format Version 12.00
# Visual Studio Version 17
VisualStudioVersion = 17.5.33414.496
MinimumVisualStudioVersion = 10.0.40219.1
Project("{888888A0-9F3D-457C-B088-3A5042F75D52}") = "MovieGuidePart1", "MovieGuidePart1.pyproj", "{E6C1ADD3-2E38-4D02-9CCC-3577797082BD}"
EndProject
Global
	GlobalSection(SolutionConfigurationPlatforms) = preSolution
		Debug|Any CPU = Debug|Any CPU
		Release|Any CPU = Release|Any CPU
	EndGlobalSection
	GlobalSection(ProjectConfigurationPlatforms) = postSolution
		{E6C1ADD3-2E38-4D02-9CCC-3577797082BD}.Debug|Any CPU.ActiveCfg = Debug|Any CPU
		{E6C1ADD3-2E38-4D02-9CCC-3577797082BD}.Release|Any CPU.ActiveCfg = Release|Any CPU
	EndGlobalSection
	GlobalSection(SolutionProperties) = preSolution
		HideSolutionNode = FALSE
	EndGlobalSection
	GlobalSection(ExtensibilityGlobals) = postSolution
		SolutionGuid = {3B1C882A-D33E-46A8-AFEE-FC1E1B38CA26}
	EndGlobalSection
EndGlobal
